// !$*UTF8*$!
{
	archiveVersion = 1;
	classes = {
	};
	objectVersion = 46;
	objects = {

/* Begin PBXBuildFile section */
		706FF08889D3C84908CC685C /* libPods-FlickrTVExtension.a in Frameworks */ = {isa = PBXBuildFile; fileRef = E438EF7822D1910DB6B23002 /* libPods-FlickrTVExtension.a */; };
		896BD4FEF16624C7ACF2FF68 /* libPods.a in Frameworks */ = {isa = PBXBuildFile; fileRef = 3E59BF442231242A340B1CCD /* libPods.a */; };
		FD8D8D441BFAF069005305F6 /* main.m in Sources */ = {isa = PBXBuildFile; fileRef = FD8D8D431BFAF069005305F6 /* main.m */; };
		FD8D8D471BFAF069005305F6 /* AppDelegate.m in Sources */ = {isa = PBXBuildFile; fileRef = FD8D8D461BFAF069005305F6 /* AppDelegate.m */; };
		FD8D8D4A1BFAF069005305F6 /* FirstViewController.m in Sources */ = {isa = PBXBuildFile; fileRef = FD8D8D491BFAF069005305F6 /* FirstViewController.m */; };
		FD8D8D4D1BFAF069005305F6 /* SecondViewController.m in Sources */ = {isa = PBXBuildFile; fileRef = FD8D8D4C1BFAF069005305F6 /* SecondViewController.m */; };
		FD8D8D501BFAF069005305F6 /* Main.storyboard in Resources */ = {isa = PBXBuildFile; fileRef = FD8D8D4E1BFAF069005305F6 /* Main.storyboard */; };
		FD8D8D521BFAF069005305F6 /* Assets.xcassets in Resources */ = {isa = PBXBuildFile; fileRef = FD8D8D511BFAF069005305F6 /* Assets.xcassets */; };
		FD8D8D601BFAF081005305F6 /* TVServices.framework in Frameworks */ = {isa = PBXBuildFile; fileRef = FD8D8D5F1BFAF081005305F6 /* TVServices.framework */; };
		FD8D8D641BFAF081005305F6 /* ServiceProvider.m in Sources */ = {isa = PBXBuildFile; fileRef = FD8D8D631BFAF081005305F6 /* ServiceProvider.m */; };
		FD8D8D681BFAF081005305F6 /* FlickrTVExtension.appex in Embed App Extensions */ = {isa = PBXBuildFile; fileRef = FD8D8D5D1BFAF081005305F6 /* FlickrTVExtension.appex */; settings = {ATTRIBUTES = (RemoveHeadersOnCopy, ); }; };
		FD8D8D6E1BFAF350005305F6 /* libPods.a in Frameworks */ = {isa = PBXBuildFile; fileRef = FD8D8D6D1BFAF350005305F6 /* libPods.a */; };
/* End PBXBuildFile section */

/* Begin PBXContainerItemProxy section */
		FD8D8D661BFAF081005305F6 /* PBXContainerItemProxy */ = {
			isa = PBXContainerItemProxy;
			containerPortal = FD8D8D371BFAF069005305F6 /* Project object */;
			proxyType = 1;
			remoteGlobalIDString = FD8D8D5C1BFAF081005305F6;
			remoteInfo = FlickrTVExtension;
		};
/* End PBXContainerItemProxy section */

/* Begin PBXCopyFilesBuildPhase section */
		FD8D8D6C1BFAF081005305F6 /* Embed App Extensions */ = {
			isa = PBXCopyFilesBuildPhase;
			buildActionMask = 2147483647;
			dstPath = "";
			dstSubfolderSpec = 13;
			files = (
				FD8D8D681BFAF081005305F6 /* FlickrTVExtension.appex in Embed App Extensions */,
			);
			name = "Embed App Extensions";
			runOnlyForDeploymentPostprocessing = 0;
		};
/* End PBXCopyFilesBuildPhase section */

/* Begin PBXFileReference section */
		3C5B13DEA52DA52D4EF75EB3 /* Pods.release.xcconfig */ = {isa = PBXFileReference; includeInIndex = 1; lastKnownFileType = text.xcconfig; name = Pods.release.xcconfig; path = "Pods/Target Support Files/Pods/Pods.release.xcconfig"; sourceTree = "<group>"; };
		3E59BF442231242A340B1CCD /* libPods.a */ = {isa = PBXFileReference; explicitFileType = archive.ar; includeInIndex = 0; path = libPods.a; sourceTree = BUILT_PRODUCTS_DIR; };
		4BEFFDF3ACF4157846723A56 /* Pods-FlickrTVExtension.debug.xcconfig */ = {isa = PBXFileReference; includeInIndex = 1; lastKnownFileType = text.xcconfig; name = "Pods-FlickrTVExtension.debug.xcconfig"; path = "Pods/Target Support Files/Pods-FlickrTVExtension/Pods-FlickrTVExtension.debug.xcconfig"; sourceTree = "<group>"; };
		8ED358A221196ED8D0929620 /* Pods-FlickrTVExtension.release.xcconfig */ = {isa = PBXFileReference; includeInIndex = 1; lastKnownFileType = text.xcconfig; name = "Pods-FlickrTVExtension.release.xcconfig"; path = "Pods/Target Support Files/Pods-FlickrTVExtension/Pods-FlickrTVExtension.release.xcconfig"; sourceTree = "<group>"; };
		E438EF7822D1910DB6B23002 /* libPods-FlickrTVExtension.a */ = {isa = PBXFileReference; explicitFileType = archive.ar; includeInIndex = 0; path = "libPods-FlickrTVExtension.a"; sourceTree = BUILT_PRODUCTS_DIR; };
		E8DDBE8F98779BB867ACBDB2 /* Pods.debug.xcconfig */ = {isa = PBXFileReference; includeInIndex = 1; lastKnownFileType = text.xcconfig; name = Pods.debug.xcconfig; path = "Pods/Target Support Files/Pods/Pods.debug.xcconfig"; sourceTree = "<group>"; };
		FD8D8D3F1BFAF069005305F6 /* FlickrTV.app */ = {isa = PBXFileReference; explicitFileType = wrapper.application; includeInIndex = 0; path = FlickrTV.app; sourceTree = BUILT_PRODUCTS_DIR; };
		FD8D8D431BFAF069005305F6 /* main.m */ = {isa = PBXFileReference; lastKnownFileType = sourcecode.c.objc; path = main.m; sourceTree = "<group>"; };
		FD8D8D451BFAF069005305F6 /* AppDelegate.h */ = {isa = PBXFileReference; lastKnownFileType = sourcecode.c.h; path = AppDelegate.h; sourceTree = "<group>"; };
		FD8D8D461BFAF069005305F6 /* AppDelegate.m */ = {isa = PBXFileReference; lastKnownFileType = sourcecode.c.objc; path = AppDelegate.m; sourceTree = "<group>"; };
		FD8D8D481BFAF069005305F6 /* FirstViewController.h */ = {isa = PBXFileReference; lastKnownFileType = sourcecode.c.h; path = FirstViewController.h; sourceTree = "<group>"; };
		FD8D8D491BFAF069005305F6 /* FirstViewController.m */ = {isa = PBXFileReference; lastKnownFileType = sourcecode.c.objc; path = FirstViewController.m; sourceTree = "<group>"; };
		FD8D8D4B1BFAF069005305F6 /* SecondViewController.h */ = {isa = PBXFileReference; lastKnownFileType = sourcecode.c.h; path = SecondViewController.h; sourceTree = "<group>"; };
		FD8D8D4C1BFAF069005305F6 /* SecondViewController.m */ = {isa = PBXFileReference; lastKnownFileType = sourcecode.c.objc; path = SecondViewController.m; sourceTree = "<group>"; };
		FD8D8D4F1BFAF069005305F6 /* Base */ = {isa = PBXFileReference; lastKnownFileType = file.storyboard; name = Base; path = Base.lproj/Main.storyboard; sourceTree = "<group>"; };
		FD8D8D511BFAF069005305F6 /* Assets.xcassets */ = {isa = PBXFileReference; lastKnownFileType = folder.assetcatalog; path = Assets.xcassets; sourceTree = "<group>"; };
		FD8D8D531BFAF069005305F6 /* Info.plist */ = {isa = PBXFileReference; lastKnownFileType = text.plist.xml; path = Info.plist; sourceTree = "<group>"; };
		FD8D8D5D1BFAF081005305F6 /* FlickrTVExtension.appex */ = {isa = PBXFileReference; explicitFileType = "wrapper.app-extension"; includeInIndex = 0; path = FlickrTVExtension.appex; sourceTree = BUILT_PRODUCTS_DIR; };
		FD8D8D5F1BFAF081005305F6 /* TVServices.framework */ = {isa = PBXFileReference; lastKnownFileType = wrapper.framework; name = TVServices.framework; path = System/Library/Frameworks/TVServices.framework; sourceTree = SDKROOT; };
		FD8D8D621BFAF081005305F6 /* ServiceProvider.h */ = {isa = PBXFileReference; lastKnownFileType = sourcecode.c.h; path = ServiceProvider.h; sourceTree = "<group>"; };
		FD8D8D631BFAF081005305F6 /* ServiceProvider.m */ = {isa = PBXFileReference; lastKnownFileType = sourcecode.c.objc; path = ServiceProvider.m; sourceTree = "<group>"; };
		FD8D8D651BFAF081005305F6 /* Info.plist */ = {isa = PBXFileReference; lastKnownFileType = text.plist.xml; path = Info.plist; sourceTree = "<group>"; };
		FD8D8D6D1BFAF350005305F6 /* libPods.a */ = {isa = PBXFileReference; lastKnownFileType = archive.ar; name = libPods.a; path = "Pods/../build/Debug-appletvos/libPods.a"; sourceTree = "<group>"; };
/* End PBXFileReference section */

/* Begin PBXFrameworksBuildPhase section */
		FD8D8D3C1BFAF069005305F6 /* Frameworks */ = {
			isa = PBXFrameworksBuildPhase;
			buildActionMask = 2147483647;
			files = (
				896BD4FEF16624C7ACF2FF68 /* libPods.a in Frameworks */,
			);
			runOnlyForDeploymentPostprocessing = 0;
		};
		FD8D8D5A1BFAF081005305F6 /* Frameworks */ = {
			isa = PBXFrameworksBuildPhase;
			buildActionMask = 2147483647;
			files = (
				FD8D8D6E1BFAF350005305F6 /* libPods.a in Frameworks */,
				FD8D8D601BFAF081005305F6 /* TVServices.framework in Frameworks */,
				706FF08889D3C84908CC685C /* libPods-FlickrTVExtension.a in Frameworks */,
			);
			runOnlyForDeploymentPostprocessing = 0;
		};
/* End PBXFrameworksBuildPhase section */

/* Begin PBXGroup section */
		F66276ECFC98B018DA5DCE2D /* Pods */ = {
			isa = PBXGroup;
			children = (
				E8DDBE8F98779BB867ACBDB2 /* Pods.debug.xcconfig */,
				3C5B13DEA52DA52D4EF75EB3 /* Pods.release.xcconfig */,
				4BEFFDF3ACF4157846723A56 /* Pods-FlickrTVExtension.debug.xcconfig */,
				8ED358A221196ED8D0929620 /* Pods-FlickrTVExtension.release.xcconfig */,
			);
			name = Pods;
			sourceTree = "<group>";
		};
		FD8D8D361BFAF069005305F6 = {
			isa = PBXGroup;
			children = (
				FD8D8D411BFAF069005305F6 /* FlickrTV */,
				FD8D8D611BFAF081005305F6 /* FlickrTVExtension */,
				FD8D8D5E1BFAF081005305F6 /* Frameworks */,
				FD8D8D401BFAF069005305F6 /* Products */,
				F66276ECFC98B018DA5DCE2D /* Pods */,
			);
			sourceTree = "<group>";
		};
		FD8D8D401BFAF069005305F6 /* Products */ = {
			isa = PBXGroup;
			children = (
				FD8D8D3F1BFAF069005305F6 /* FlickrTV.app */,
				FD8D8D5D1BFAF081005305F6 /* FlickrTVExtension.appex */,
			);
			name = Products;
			sourceTree = "<group>";
		};
		FD8D8D411BFAF069005305F6 /* FlickrTV */ = {
			isa = PBXGroup;
			children = (
				FD8D8D451BFAF069005305F6 /* AppDelegate.h */,
				FD8D8D461BFAF069005305F6 /* AppDelegate.m */,
				FD8D8D481BFAF069005305F6 /* FirstViewController.h */,
				FD8D8D491BFAF069005305F6 /* FirstViewController.m */,
				FD8D8D4B1BFAF069005305F6 /* SecondViewController.h */,
				FD8D8D4C1BFAF069005305F6 /* SecondViewController.m */,
				FD8D8D4E1BFAF069005305F6 /* Main.storyboard */,
				FD8D8D511BFAF069005305F6 /* Assets.xcassets */,
				FD8D8D531BFAF069005305F6 /* Info.plist */,
				FD8D8D421BFAF069005305F6 /* Supporting Files */,
			);
			path = FlickrTV;
			sourceTree = "<group>";
		};
		FD8D8D421BFAF069005305F6 /* Supporting Files */ = {
			isa = PBXGroup;
			children = (
				FD8D8D431BFAF069005305F6 /* main.m */,
			);
			name = "Supporting Files";
			sourceTree = "<group>";
		};
		FD8D8D5E1BFAF081005305F6 /* Frameworks */ = {
			isa = PBXGroup;
			children = (
				FD8D8D6D1BFAF350005305F6 /* libPods.a */,
				FD8D8D5F1BFAF081005305F6 /* TVServices.framework */,
				3E59BF442231242A340B1CCD /* libPods.a */,
				E438EF7822D1910DB6B23002 /* libPods-FlickrTVExtension.a */,
			);
			name = Frameworks;
			sourceTree = "<group>";
		};
		FD8D8D611BFAF081005305F6 /* FlickrTVExtension */ = {
			isa = PBXGroup;
			children = (
				FD8D8D621BFAF081005305F6 /* ServiceProvider.h */,
				FD8D8D631BFAF081005305F6 /* ServiceProvider.m */,
				FD8D8D651BFAF081005305F6 /* Info.plist */,
			);
			path = FlickrTVExtension;
			sourceTree = "<group>";
		};
/* End PBXGroup section */

/* Begin PBXNativeTarget section */
		FD8D8D3E1BFAF069005305F6 /* FlickrTV */ = {
			isa = PBXNativeTarget;
			buildConfigurationList = FD8D8D561BFAF069005305F6 /* Build configuration list for PBXNativeTarget "FlickrTV" */;
			buildPhases = (
				11774F1C0177B38DA7C6F179 /* Check Pods Manifest.lock */,
				FD8D8D3B1BFAF069005305F6 /* Sources */,
				FD8D8D3C1BFAF069005305F6 /* Frameworks */,
				FD8D8D3D1BFAF069005305F6 /* Resources */,
				FD8D8D6C1BFAF081005305F6 /* Embed App Extensions */,
				052AC4362BEC4B2551778C28 /* Embed Pods Frameworks */,
				0A56AEB61857A93365075D1F /* Copy Pods Resources */,
			);
			buildRules = (
			);
			dependencies = (
				FD8D8D671BFAF081005305F6 /* PBXTargetDependency */,
			);
			name = FlickrTV;
			productName = FlickrTV;
			productReference = FD8D8D3F1BFAF069005305F6 /* FlickrTV.app */;
			productType = "com.apple.product-type.application";
		};
		FD8D8D5C1BFAF081005305F6 /* FlickrTVExtension */ = {
			isa = PBXNativeTarget;
			buildConfigurationList = FD8D8D691BFAF081005305F6 /* Build configuration list for PBXNativeTarget "FlickrTVExtension" */;
			buildPhases = (
				F441E801240A77DAAACE49C5 /* Check Pods Manifest.lock */,
				FD8D8D591BFAF081005305F6 /* Sources */,
				FD8D8D5A1BFAF081005305F6 /* Frameworks */,
				FD8D8D5B1BFAF081005305F6 /* Resources */,
				33A84879010119A39502FC84 /* Copy Pods Resources */,
			);
			buildRules = (
			);
			dependencies = (
			);
			name = FlickrTVExtension;
			productName = FlickrTVExtension;
			productReference = FD8D8D5D1BFAF081005305F6 /* FlickrTVExtension.appex */;
			productType = "com.apple.product-type.tv-app-extension";
		};
/* End PBXNativeTarget section */

/* Begin PBXProject section */
		FD8D8D371BFAF069005305F6 /* Project object */ = {
			isa = PBXProject;
			attributes = {
				LastUpgradeCheck = 0710;
				ORGANIZATIONNAME = "Hyche Heirs";
				TargetAttributes = {
					FD8D8D3E1BFAF069005305F6 = {
						CreatedOnToolsVersion = 7.1.1;
					};
					FD8D8D5C1BFAF081005305F6 = {
						CreatedOnToolsVersion = 7.1.1;
					};
				};
			};
			buildConfigurationList = FD8D8D3A1BFAF069005305F6 /* Build configuration list for PBXProject "FlickrTV" */;
			compatibilityVersion = "Xcode 3.2";
			developmentRegion = English;
			hasScannedForEncodings = 0;
			knownRegions = (
				en,
				Base,
			);
			mainGroup = FD8D8D361BFAF069005305F6;
			productRefGroup = FD8D8D401BFAF069005305F6 /* Products */;
			projectDirPath = "";
			projectRoot = "";
			targets = (
				FD8D8D3E1BFAF069005305F6 /* FlickrTV */,
				FD8D8D5C1BFAF081005305F6 /* FlickrTVExtension */,
			);
		};
/* End PBXProject section */

/* Begin PBXResourcesBuildPhase section */
		FD8D8D3D1BFAF069005305F6 /* Resources */ = {
			isa = PBXResourcesBuildPhase;
			buildActionMask = 2147483647;
			files = (
				FD8D8D521BFAF069005305F6 /* Assets.xcassets in Resources */,
				FD8D8D501BFAF069005305F6 /* Main.storyboard in Resources */,
			);
			runOnlyForDeploymentPostprocessing = 0;
		};
		FD8D8D5B1BFAF081005305F6 /* Resources */ = {
			isa = PBXResourcesBuildPhase;
			buildActionMask = 2147483647;
			files = (
			);
			runOnlyForDeploymentPostprocessing = 0;
		};
/* End PBXResourcesBuildPhase section */

/* Begin PBXShellScriptBuildPhase section */
		052AC4362BEC4B2551778C28 /* Embed Pods Frameworks */ = {
			isa = PBXShellScriptBuildPhase;
			buildActionMask = 2147483647;
			files = (
			);
			inputPaths = (
			);
			name = "Embed Pods Frameworks";
			outputPaths = (
			);
			runOnlyForDeploymentPostprocessing = 0;
			shellPath = /bin/sh;
			shellScript = "\"${SRCROOT}/Pods/Target Support Files/Pods/Pods-frameworks.sh\"\n";
			showEnvVarsInLog = 0;
		};
		0A56AEB61857A93365075D1F /* Copy Pods Resources */ = {
			isa = PBXShellScriptBuildPhase;
			buildActionMask = 2147483647;
			files = (
			);
			inputPaths = (
			);
			name = "Copy Pods Resources";
			outputPaths = (
			);
			runOnlyForDeploymentPostprocessing = 0;
			shellPath = /bin/sh;
			shellScript = "\"${SRCROOT}/Pods/Target Support Files/Pods/Pods-resources.sh\"\n";
			showEnvVarsInLog = 0;
		};
		11774F1C0177B38DA7C6F179 /* Check Pods Manifest.lock */ = {
			isa = PBXShellScriptBuildPhase;
			buildActionMask = 2147483647;
			files = (
			);
			inputPaths = (
			);
			name = "Check Pods Manifest.lock";
			outputPaths = (
			);
			runOnlyForDeploymentPostprocessing = 0;
			shellPath = /bin/sh;
			shellScript = "diff \"${PODS_ROOT}/../Podfile.lock\" \"${PODS_ROOT}/Manifest.lock\" > /dev/null\nif [[ $? != 0 ]] ; then\n    cat << EOM\nerror: The sandbox is not in sync with the Podfile.lock. Run 'pod install' or update your CocoaPods installation.\nEOM\n    exit 1\nfi\n";
			showEnvVarsInLog = 0;
		};
		33A84879010119A39502FC84 /* Copy Pods Resources */ = {
			isa = PBXShellScriptBuildPhase;
			buildActionMask = 2147483647;
			files = (
			);
			inputPaths = (
			);
			name = "Copy Pods Resources";
			outputPaths = (
			);
			runOnlyForDeploymentPostprocessing = 0;
			shellPath = /bin/sh;
			shellScript = "\"${SRCROOT}/Pods/Target Support Files/Pods-FlickrTVExtension/Pods-FlickrTVExtension-resources.sh\"\n";
			showEnvVarsInLog = 0;
		};
		F441E801240A77DAAACE49C5 /* Check Pods Manifest.lock */ = {
			isa = PBXShellScriptBuildPhase;
			buildActionMask = 2147483647;
			files = (
			);
			inputPaths = (
			);
			name = "Check Pods Manifest.lock";
			outputPaths = (
			);
			runOnlyForDeploymentPostprocessing = 0;
			shellPath = /bin/sh;
			shellScript = "diff \"${PODS_ROOT}/../Podfile.lock\" \"${PODS_ROOT}/Manifest.lock\" > /dev/null\nif [[ $? != 0 ]] ; then\n    cat << EOM\nerror: The sandbox is not in sync with the Podfile.lock. Run 'pod install' or update your CocoaPods installation.\nEOM\n    exit 1\nfi\n";
			showEnvVarsInLog = 0;
		};
/* End PBXShellScriptBuildPhase section */

/* Begin PBXSourcesBuildPhase section */
		FD8D8D3B1BFAF069005305F6 /* Sources */ = {
			isa = PBXSourcesBuildPhase;
			buildActionMask = 2147483647;
			files = (
				FD8D8D4D1BFAF069005305F6 /* SecondViewController.m in Sources */,
				FD8D8D471BFAF069005305F6 /* AppDelegate.m in Sources */,
				FD8D8D4A1BFAF069005305F6 /* FirstViewController.m in Sources */,
				FD8D8D441BFAF069005305F6 /* main.m in Sources */,
			);
			runOnlyForDeploymentPostprocessing = 0;
		};
		FD8D8D591BFAF081005305F6 /* Sources */ = {
			isa = PBXSourcesBuildPhase;
			buildActionMask = 2147483647;
			files = (
				FD8D8D641BFAF081005305F6 /* ServiceProvider.m in Sources */,
			);
			runOnlyForDeploymentPostprocessing = 0;
		};
/* End PBXSourcesBuildPhase section */

/* Begin PBXTargetDependency section */
		FD8D8D671BFAF081005305F6 /* PBXTargetDependency */ = {
			isa = PBXTargetDependency;
			target = FD8D8D5C1BFAF081005305F6 /* FlickrTVExtension */;
			targetProxy = FD8D8D661BFAF081005305F6 /* PBXContainerItemProxy */;
		};
/* End PBXTargetDependency section */

/* Begin PBXVariantGroup section */
		FD8D8D4E1BFAF069005305F6 /* Main.storyboard */ = {
			isa = PBXVariantGroup;
			children = (
				FD8D8D4F1BFAF069005305F6 /* Base */,
			);
			name = Main.storyboard;
			sourceTree = "<group>";
		};
/* End PBXVariantGroup section */

/* Begin XCBuildConfiguration section */
		FD8D8D541BFAF069005305F6 /* Debug */ = {
			isa = XCBuildConfiguration;
			buildSettings = {
				ALWAYS_SEARCH_USER_PATHS = NO;
				CLANG_CXX_LANGUAGE_STANDARD = "gnu++0x";
				CLANG_CXX_LIBRARY = "libc++";
				CLANG_ENABLE_MODULES = YES;
				CLANG_ENABLE_OBJC_ARC = YES;
				CLANG_WARN_BOOL_CONVERSION = YES;
				CLANG_WARN_CONSTANT_CONVERSION = YES;
				CLANG_WARN_DIRECT_OBJC_ISA_USAGE = YES_ERROR;
				CLANG_WARN_EMPTY_BODY = YES;
				CLANG_WARN_ENUM_CONVERSION = YES;
				CLANG_WARN_INT_CONVERSION = YES;
				CLANG_WARN_OBJC_ROOT_CLASS = YES_ERROR;
				CLANG_WARN_UNREACHABLE_CODE = YES;
				CLANG_WARN__DUPLICATE_METHOD_MATCH = YES;
				COPY_PHASE_STRIP = NO;
				DEBUG_INFORMATION_FORMAT = dwarf;
				ENABLE_STRICT_OBJC_MSGSEND = YES;
				ENABLE_TESTABILITY = YES;
				GCC_C_LANGUAGE_STANDARD = gnu99;
				GCC_DYNAMIC_NO_PIC = NO;
				GCC_NO_COMMON_BLOCKS = YES;
				GCC_OPTIMIZATION_LEVEL = 0;
				GCC_PREPROCESSOR_DEFINITIONS = (
					"DEBUG=1",
					"$(inherited)",
				);
				GCC_WARN_64_TO_32_BIT_CONVERSION = YES;
				GCC_WARN_ABOUT_RETURN_TYPE = YES_ERROR;
				GCC_WARN_UNDECLARED_SELECTOR = YES;
				GCC_WARN_UNINITIALIZED_AUTOS = YES_AGGRESSIVE;
				GCC_WARN_UNUSED_FUNCTION = YES;
				GCC_WARN_UNUSED_VARIABLE = YES;
				MTL_ENABLE_DEBUG_INFO = YES;
				ONLY_ACTIVE_ARCH = YES;
				SDKROOT = appletvos;
				TARGETED_DEVICE_FAMILY = 3;
				TVOS_DEPLOYMENT_TARGET = 9.0;
			};
			name = Debug;
		};
		FD8D8D551BFAF069005305F6 /* Release */ = {
			isa = XCBuildConfiguration;
			buildSettings = {
				ALWAYS_SEARCH_USER_PATHS = NO;
				CLANG_CXX_LANGUAGE_STANDARD = "gnu++0x";
				CLANG_CXX_LIBRARY = "libc++";
				CLANG_ENABLE_MODULES = YES;
				CLANG_ENABLE_OBJC_ARC = YES;
				CLANG_WARN_BOOL_CONVERSION = YES;
				CLANG_WARN_CONSTANT_CONVERSION = YES;
				CLANG_WARN_DIRECT_OBJC_ISA_USAGE = YES_ERROR;
				CLANG_WARN_EMPTY_BODY = YES;
				CLANG_WARN_ENUM_CONVERSION = YES;
				CLANG_WARN_INT_CONVERSION = YES;
				CLANG_WARN_OBJC_ROOT_CLASS = YES_ERROR;
				CLANG_WARN_UNREACHABLE_CODE = YES;
				CLANG_WARN__DUPLICATE_METHOD_MATCH = YES;
				COPY_PHASE_STRIP = NO;
				DEBUG_INFORMATION_FORMAT = "dwarf-with-dsym";
				ENABLE_NS_ASSERTIONS = NO;
				ENABLE_STRICT_OBJC_MSGSEND = YES;
				GCC_C_LANGUAGE_STANDARD = gnu99;
				GCC_NO_COMMON_BLOCKS = YES;
				GCC_WARN_64_TO_32_BIT_CONVERSION = YES;
				GCC_WARN_ABOUT_RETURN_TYPE = YES_ERROR;
				GCC_WARN_UNDECLARED_SELECTOR = YES;
				GCC_WARN_UNINITIALIZED_AUTOS = YES_AGGRESSIVE;
				GCC_WARN_UNUSED_FUNCTION = YES;
				GCC_WARN_UNUSED_VARIABLE = YES;
				MTL_ENABLE_DEBUG_INFO = NO;
				SDKROOT = appletvos;
				TARGETED_DEVICE_FAMILY = 3;
				TVOS_DEPLOYMENT_TARGET = 9.0;
				VALIDATE_PRODUCT = YES;
			};
			name = Release;
		};
		FD8D8D571BFAF069005305F6 /* Debug */ = {
			isa = XCBuildConfiguration;
			baseConfigurationReference = E8DDBE8F98779BB867ACBDB2 /* Pods.debug.xcconfig */;
			buildSettings = {
				ASSETCATALOG_COMPILER_APPICON_NAME = "App Icon & Top Shelf Image";
				ASSETCATALOG_COMPILER_LAUNCHIMAGE_NAME = LaunchImage;
				INFOPLIST_FILE = FlickrTV/Info.plist;
				LD_RUNPATH_SEARCH_PATHS = "$(inherited) @executable_path/Frameworks";
				PRODUCT_BUNDLE_IDENTIFIER = org.erichyche.FlickrTV;
				PRODUCT_NAME = "$(TARGET_NAME)";
			};
			name = Debug;
		};
		FD8D8D581BFAF069005305F6 /* Release */ = {
			isa = XCBuildConfiguration;
			baseConfigurationReference = 3C5B13DEA52DA52D4EF75EB3 /* Pods.release.xcconfig */;
			buildSettings = {
				ASSETCATALOG_COMPILER_APPICON_NAME = "App Icon & Top Shelf Image";
				ASSETCATALOG_COMPILER_LAUNCHIMAGE_NAME = LaunchImage;
				INFOPLIST_FILE = FlickrTV/Info.plist;
				LD_RUNPATH_SEARCH_PATHS = "$(inherited) @executable_path/Frameworks";
				PRODUCT_BUNDLE_IDENTIFIER = org.erichyche.FlickrTV;
				PRODUCT_NAME = "$(TARGET_NAME)";
			};
			name = Release;
		};
		FD8D8D6A1BFAF081005305F6 /* Debug */ = {
			isa = XCBuildConfiguration;
			baseConfigurationReference = 4BEFFDF3ACF4157846723A56 /* Pods-FlickrTVExtension.debug.xcconfig */;
			buildSettings = {
				INFOPLIST_FILE = FlickrTVExtension/Info.plist;
				LD_RUNPATH_SEARCH_PATHS = "$(inherited) @executable_path/Frameworks @executable_path/../../Frameworks";
				LIBRARY_SEARCH_PATHS = (
					"$(inherited)",
					"$(PROJECT_DIR)/build/Debug-appletvos",
				);
				PRODUCT_BUNDLE_IDENTIFIER = org.erichyche.FlickrTV.FlickrTVExtension;
				PRODUCT_NAME = "$(TARGET_NAME)";
				SKIP_INSTALL = YES;
			};
			name = Debug;
		};
		FD8D8D6B1BFAF081005305F6 /* Release */ = {
			isa = XCBuildConfiguration;
			baseConfigurationReference = 8ED358A221196ED8D0929620 /* Pods-FlickrTVExtension.release.xcconfig */;
			buildSettings = {
				INFOPLIST_FILE = FlickrTVExtension/Info.plist;
				LD_RUNPATH_SEARCH_PATHS = "$(inherited) @executable_path/Frameworks @executable_path/../../Frameworks";
				LIBRARY_SEARCH_PATHS = (
					"$(inherited)",
					"$(PROJECT_DIR)/build/Debug-appletvos",
				);
				PRODUCT_BUNDLE_IDENTIFIER = org.erichyche.FlickrTV.FlickrTVExtension;
				PRODUCT_NAME = "$(TARGET_NAME)";
				SKIP_INSTALL = YES;
			};
			name = Release;
		};
/* End XCBuildConfiguration section */

/* Begin XCConfigurationList section */
		FD8D8D3A1BFAF069005305F6 /* Build configuration list for PBXProject "FlickrTV" */ = {
			isa = XCConfigurationList;
			buildConfigurations = (
				FD8D8D541BFAF069005305F6 /* Debug */,
				FD8D8D551BFAF069005305F6 /* Release */,
			);
			defaultConfigurationIsVisible = 0;
			defaultConfigurationName = Release;
		};
		FD8D8D561BFAF069005305F6 /* Build configuration list for PBXNativeTarget "FlickrTV" */ = {
			isa = XCConfigurationList;
			buildConfigurations = (
				FD8D8D571BFAF069005305F6 /* Debug */,
				FD8D8D581BFAF069005305F6 /* Release */,
			);
			defaultConfigurationIsVisible = 0;
			defaultConfigurationName = Release;
		};
		FD8D8D691BFAF081005305F6 /* Build configuration list for PBXNativeTarget "FlickrTVExtension" */ = {
			isa = XCConfigurationList;
			buildConfigurations = (
				FD8D8D6A1BFAF081005305F6 /* Debug */,
				FD8D8D6B1BFAF081005305F6 /* Release */,
			);
			defaultConfigurationIsVisible = 0;
			defaultConfigurationName = Release;
		};
/* End XCConfigurationList section */
	};
	rootObject = FD8D8D371BFAF069005305F6 /* Project object */;
}
